{
  "name": "node-start",
  "version": "1.0.0",
  "lockfileVersion": 2,
  "requires": true,
  "packages": {
    "": {
      "name": "node-start",
      "version": "1.0.0",
      "license": "SEE LICENSE IN LICENSE",
      "devDependencies": {
        "@types/node": "16.11.64",
        "typescript": "4.8.4"
      }
    },
    "node_modules/@types/node": {
      "version": "16.11.64",
      "resolved": "https://registry.npmjs.org/@types/node/-/node-16.11.64.tgz",
      "integrity": "sha512-z5hPTlVFzNwtJ2LNozTpJcD1Cu44c4LNuzaq1mwxmiHWQh2ULdR6Vjwo1UGldzRpzL0yUEdZddnfqGW2G70z6Q==",
      "dev": true
    },
    "node_modules/typescript": {
      "version": "4.8.4",
      "resolved": "https://registry.npmjs.org/typescript/-/typescript-4.8.4.tgz",
      "integrity": "sha512-QCh+85mCy+h0IGff8r5XWzOVSbBO+KfeYrMQh7NJ58QujwcE22u+NUSmUxqF+un70P9GXKxa2HCNiTTMJknyjQ==",
      "dev": true,
      "bin": {
        "tsc": "bin/tsc",
        "tsserver": "bin/tsserver"
      },
      "engines": {
        "node": ">=4.2.0"
      }
    }
  },
  "dependencies": {
    "@types/node": {
      "version": "16.11.64",
      "resolved": "https://registry.npmjs.org/@types/node/-/node-16.11.64.tgz",
      "integrity": "sha512-z5hPTlVFzNwtJ2LNozTpJcD1Cu44c4LNuzaq1mwxmiHWQh2ULdR6Vjwo1UGldzRpzL0yUEdZddnfqGW2G70z6Q==",
      "dev": true
    },
    "typescript": {
      "version": "4.8.4",
      "resolved": "https://registry.npmjs.org/typescript/-/typescript-4.8.4.tgz",
      "integrity": "sha512-QCh+85mCy+h0IGff8r5XWzOVSbBO+KfeYrMQh7NJ58QujwcE22u+NUSmUxqF+un70P9GXKxa2HCNiTTMJknyjQ==",
      "dev": true
    }
  }
}
